
Microsoft Visual Studio Solution File, Format Version 12.00
# Visual Studio Version 16
VisualStudioVersion = 16.0.32126.315
MinimumVisualStudioVersion = 10.0.40219.1
Project("{FAE04EC0-301F-11D3-BF4B-00C04F79EFBC}") = "EstoqueInsumosApp.Android", "EstoqueInsumosApp\EstoqueInsumosApp.Android\EstoqueInsumosApp.Android.csproj", "{182C3388-8D42-4351-B2A1-D5EB346CD8C2}"
EndProject
Project("{FAE04EC0-301F-11D3-BF4B-00C04F79EFBC}") = "EstoqueInsumosApp.iOS", "EstoqueInsumosApp\EstoqueInsumosApp.iOS\EstoqueInsumosApp.iOS.csproj", "{EAC17D1E-E935-469D-A5DB-4BF519FAE153}"
EndProject
Project("{FAE04EC0-301F-11D3-BF4B-00C04F79EFBC}") = "EstoqueInsumosApp", "EstoqueInsumosApp\EstoqueInsumosApp\EstoqueInsumosApp.csproj", "{6997AE07-B165-4C91-B2B3-5ACDDBCA7837}"
EndProject
Global
	GlobalSection(SolutionConfigurationPlatforms) = preSolution
		Debug|Any CPU = Debug|Any CPU
		Debug|iPhone = Debug|iPhone
		Debug|iPhoneSimulator = Debug|iPhoneSimulator
		Release|Any CPU = Release|Any CPU
		Release|iPhone = Release|iPhone
		Release|iPhoneSimulator = Release|iPhoneSimulator
	EndGlobalSection
	GlobalSection(ProjectConfigurationPlatforms) = postSolution
		{182C3388-8D42-4351-B2A1-D5EB346CD8C2}.Debug|Any CPU.ActiveCfg = Debug|Any CPU
		{182C3388-8D42-4351-B2A1-D5EB346CD8C2}.Debug|Any CPU.Build.0 = Debug|Any CPU
		{182C3388-8D42-4351-B2A1-D5EB346CD8C2}.Debug|Any CPU.Deploy.0 = Debug|Any CPU
		{182C3388-8D42-4351-B2A1-D5EB346CD8C2}.Debug|iPhone.ActiveCfg = Debug|Any CPU
		{182C3388-8D42-4351-B2A1-D5EB346CD8C2}.Debug|iPhone.Build.0 = Debug|Any CPU
		{182C3388-8D42-4351-B2A1-D5EB346CD8C2}.Debug|iPhone.Deploy.0 = Debug|Any CPU
		{182C3388-8D42-4351-B2A1-D5EB346CD8C2}.Debug|iPhoneSimulator.ActiveCfg = Debug|Any CPU
		{182C3388-8D42-4351-B2A1-D5EB346CD8C2}.Debug|iPhoneSimulator.Build.0 = Debug|Any CPU
		{182C3388-8D42-4351-B2A1-D5EB346CD8C2}.Debug|iPhoneSimulator.Deploy.0 = Debug|Any CPU
		{182C3388-8D42-4351-B2A1-D5EB346CD8C2}.Release|Any CPU.ActiveCfg = Release|Any CPU
		{182C3388-8D42-4351-B2A1-D5EB346CD8C2}.Release|Any CPU.Build.0 = Release|Any CPU
		{182C3388-8D42-4351-B2A1-D5EB346CD8C2}.Release|Any CPU.Deploy.0 = Release|Any CPU
		{182C3388-8D42-4351-B2A1-D5EB346CD8C2}.Release|iPhone.ActiveCfg = Release|Any CPU
		{182C3388-8D42-4351-B2A1-D5EB346CD8C2}.Release|iPhone.Build.0 = Release|Any CPU
		{182C3388-8D42-4351-B2A1-D5EB346CD8C2}.Release|iPhone.Deploy.0 = Release|Any CPU
		{182C3388-8D42-4351-B2A1-D5EB346CD8C2}.Release|iPhoneSimulator.ActiveCfg = Release|Any CPU
		{182C3388-8D42-4351-B2A1-D5EB346CD8C2}.Release|iPhoneSimulator.Build.0 = Release|Any CPU
		{182C3388-8D42-4351-B2A1-D5EB346CD8C2}.Release|iPhoneSimulator.Deploy.0 = Release|Any CPU
		{EAC17D1E-E935-469D-A5DB-4BF519FAE153}.Debug|Any CPU.ActiveCfg = Debug|iPhone
		{EAC17D1E-E935-469D-A5DB-4BF519FAE153}.Debug|Any CPU.Build.0 = Debug|iPhone
		{EAC17D1E-E935-469D-A5DB-4BF519FAE153}.Debug|Any CPU.Deploy.0 = Debug|iPhone
		{EAC17D1E-E935-469D-A5DB-4BF519FAE153}.Debug|iPhone.ActiveCfg = Debug|iPhone
		{EAC17D1E-E935-469D-A5DB-4BF519FAE153}.Debug|iPhone.Build.0 = Debug|iPhone
		{EAC17D1E-E935-469D-A5DB-4BF519FAE153}.Debug|iPhone.Deploy.0 = Debug|iPhone
		{EAC17D1E-E935-469D-A5DB-4BF519FAE153}.Debug|iPhoneSimulator.ActiveCfg = Debug|iPhoneSimulator
		{EAC17D1E-E935-469D-A5DB-4BF519FAE153}.Debug|iPhoneSimulator.Build.0 = Debug|iPhoneSimulator
		{EAC17D1E-E935-469D-A5DB-4BF519FAE153}.Debug|iPhoneSimulator.Deploy.0 = Debug|iPhoneSimulator
		{EAC17D1E-E935-469D-A5DB-4BF519FAE153}.Release|Any CPU.ActiveCfg = Release|iPhoneSimulator
		{EAC17D1E-E935-469D-A5DB-4BF519FAE153}.Release|Any CPU.Build.0 = Release|iPhoneSimulator
		{EAC17D1E-E935-469D-A5DB-4BF519FAE153}.Release|Any CPU.Deploy.0 = Release|iPhoneSimulator
		{EAC17D1E-E935-469D-A5DB-4BF519FAE153}.Release|iPhone.ActiveCfg = Release|iPhone
		{EAC17D1E-E935-469D-A5DB-4BF519FAE153}.Release|iPhone.Build.0 = Release|iPhone
		{EAC17D1E-E935-469D-A5DB-4BF519FAE153}.Release|iPhone.Deploy.0 = Release|iPhone
		{EAC17D1E-E935-469D-A5DB-4BF519FAE153}.Release|iPhoneSimulator.ActiveCfg = Release|iPhoneSimulator
		{EAC17D1E-E935-469D-A5DB-4BF519FAE153}.Release|iPhoneSimulator.Build.0 = Release|iPhoneSimulator
		{EAC17D1E-E935-469D-A5DB-4BF519FAE153}.Release|iPhoneSimulator.Deploy.0 = Release|iPhoneSimulator
		{6997AE07-B165-4C91-B2B3-5ACDDBCA7837}.Debug|Any CPU.ActiveCfg = Debug|Any CPU
		{6997AE07-B165-4C91-B2B3-5ACDDBCA7837}.Debug|Any CPU.Build.0 = Debug|Any CPU
		{6997AE07-B165-4C91-B2B3-5ACDDBCA7837}.Debug|Any CPU.Deploy.0 = Debug|Any CPU
		{6997AE07-B165-4C91-B2B3-5ACDDBCA7837}.Debug|iPhone.ActiveCfg = Debug|Any CPU
		{6997AE07-B165-4C91-B2B3-5ACDDBCA7837}.Debug|iPhone.Build.0 = Debug|Any CPU
		{6997AE07-B165-4C91-B2B3-5ACDDBCA7837}.Debug|iPhone.Deploy.0 = Debug|Any CPU
		{6997AE07-B165-4C91-B2B3-5ACDDBCA7837}.Debug|iPhoneSimulator.ActiveCfg = Debug|Any CPU
		{6997AE07-B165-4C91-B2B3-5ACDDBCA7837}.Debug|iPhoneSimulator.Build.0 = Debug|Any CPU
		{6997AE07-B165-4C91-B2B3-5ACDDBCA7837}.Debug|iPhoneSimulator.Deploy.0 = Debug|Any CPU
		{6997AE07-B165-4C91-B2B3-5ACDDBCA7837}.Release|Any CPU.ActiveCfg = Release|Any CPU
		{6997AE07-B165-4C91-B2B3-5ACDDBCA7837}.Release|Any CPU.Build.0 = Release|Any CPU
		{6997AE07-B165-4C91-B2B3-5ACDDBCA7837}.Release|Any CPU.Deploy.0 = Release|Any CPU
		{6997AE07-B165-4C91-B2B3-5ACDDBCA7837}.Release|iPhone.ActiveCfg = Release|Any CPU
		{6997AE07-B165-4C91-B2B3-5ACDDBCA7837}.Release|iPhone.Build.0 = Release|Any CPU
		{6997AE07-B165-4C91-B2B3-5ACDDBCA7837}.Release|iPhone.Deploy.0 = Release|Any CPU
		{6997AE07-B165-4C91-B2B3-5ACDDBCA7837}.Release|iPhoneSimulator.ActiveCfg = Release|Any CPU
		{6997AE07-B165-4C91-B2B3-5ACDDBCA7837}.Release|iPhoneSimulator.Build.0 = Release|Any CPU
		{6997AE07-B165-4C91-B2B3-5ACDDBCA7837}.Release|iPhoneSimulator.Deploy.0 = Release|Any CPU
	EndGlobalSection
	GlobalSection(SolutionProperties) = preSolution
		HideSolutionNode = FALSE
	EndGlobalSection
	GlobalSection(ExtensibilityGlobals) = postSolution
		SolutionGuid = {713A4B57-5E57-4A2B-B564-9BD00CFF4F69}
	EndGlobalSection
EndGlobal
